
Microsoft Visual Studio Solution File, Format Version 12.00
# Visual Studio Version 17
VisualStudioVersion = 17.3.32825.248
MinimumVisualStudioVersion = 10.0.40219.1
Project("{FAE04EC0-301F-11D3-BF4B-00C04F79EFBC}") = "csharpstuff2", "csharpstuff2\csharpstuff2.csproj", "{144E7D6C-7A04-4AA4-AC34-BEC9CECFF88E}"
EndProject
Global
	GlobalSection(SolutionConfigurationPlatforms) = preSolution
		Debug|Any CPU = Debug|Any CPU
		Release|Any CPU = Release|Any CPU
	EndGlobalSection
	GlobalSection(ProjectConfigurationPlatforms) = postSolution
		{144E7D6C-7A04-4AA4-AC34-BEC9CECFF88E}.Debug|Any CPU.ActiveCfg = Debug|Any CPU
		{144E7D6C-7A04-4AA4-AC34-BEC9CECFF88E}.Debug|Any CPU.Build.0 = Debug|Any CPU
		{144E7D6C-7A04-4AA4-AC34-BEC9CECFF88E}.Release|Any CPU.ActiveCfg = Release|Any CPU
		{144E7D6C-7A04-4AA4-AC34-BEC9CECFF88E}.Release|Any CPU.Build.0 = Release|Any CPU
	EndGlobalSection
	GlobalSection(SolutionProperties) = preSolution
		HideSolutionNode = FALSE
	EndGlobalSection
	GlobalSection(ExtensibilityGlobals) = postSolution
		SolutionGuid = {5B6F6F9E-0B15-4283-A980-662F03B98F63}
	EndGlobalSection
EndGlobal
